
Microsoft Visual Studio Solution File, Format Version 12.00
# Visual Studio Version 16
VisualStudioVersion = 16.0.31129.286
MinimumVisualStudioVersion = 10.0.40219.1
Project("{FAE04EC0-301F-11D3-BF4B-00C04F79EFBC}") = "FaceCulling", "FaceCulling\FaceCulling.csproj", "{C5962F68-FEE6-4E85-B928-9F0A84C9BD36}"
EndProject
Global
	GlobalSection(SolutionConfigurationPlatforms) = preSolution
		Debug|Any CPU = Debug|Any CPU
		Release|Any CPU = Release|Any CPU
	EndGlobalSection
	GlobalSection(ProjectConfigurationPlatforms) = postSolution
		{C5962F68-FEE6-4E85-B928-9F0A84C9BD36}.Debug|Any CPU.ActiveCfg = Debug|Any CPU
		{C5962F68-FEE6-4E85-B928-9F0A84C9BD36}.Debug|Any CPU.Build.0 = Debug|Any CPU
		{C5962F68-FEE6-4E85-B928-9F0A84C9BD36}.Release|Any CPU.ActiveCfg = Release|Any CPU
		{C5962F68-FEE6-4E85-B928-9F0A84C9BD36}.Release|Any CPU.Build.0 = Release|Any CPU
	EndGlobalSection
	GlobalSection(SolutionProperties) = preSolution
		HideSolutionNode = FALSE
	EndGlobalSection
	GlobalSection(ExtensibilityGlobals) = postSolution
		SolutionGuid = {83CC38B0-7B0B-4CCF-BE1B-C80B1EF6F17A}
	EndGlobalSection
EndGlobal
